// !$*UTF8*$!
{
	archiveVersion = 1;
	classes = {
	};
	objectVersion = 46;
	objects = {

/* Begin PBXBuildFile section */
		759AF0011AA885B10039D425 /* Parse.framework in Frameworks */ = {isa = PBXBuildFile; fileRef = 759AEFFF1AA885B10039D425 /* Parse.framework */; };
		759AF0031AA885E70039D425 /* AudioToolbox.framework in Frameworks */ = {isa = PBXBuildFile; fileRef = 759AF0021AA885E70039D425 /* AudioToolbox.framework */; };
		759AF0051AA885EE0039D425 /* CFNetwork.framework in Frameworks */ = {isa = PBXBuildFile; fileRef = 759AF0041AA885EE0039D425 /* CFNetwork.framework */; };
		759AF0071AA885F90039D425 /* CoreGraphics.framework in Frameworks */ = {isa = PBXBuildFile; fileRef = 759AF0061AA885F90039D425 /* CoreGraphics.framework */; };
		759AF0091AA886020039D425 /* CoreLocation.framework in Frameworks */ = {isa = PBXBuildFile; fileRef = 759AF0081AA886020039D425 /* CoreLocation.framework */; };
		759AF00B1AA886080039D425 /* MobileCoreServices.framework in Frameworks */ = {isa = PBXBuildFile; fileRef = 759AF00A1AA886080039D425 /* MobileCoreServices.framework */; };
		759AF00D1AA886100039D425 /* QuartzCore.framework in Frameworks */ = {isa = PBXBuildFile; fileRef = 759AF00C1AA886100039D425 /* QuartzCore.framework */; };
		759AF00F1AA886170039D425 /* Security.framework in Frameworks */ = {isa = PBXBuildFile; fileRef = 759AF00E1AA886170039D425 /* Security.framework */; };
		759AF0111AA8861F0039D425 /* StoreKit.framework in Frameworks */ = {isa = PBXBuildFile; fileRef = 759AF0101AA8861F0039D425 /* StoreKit.framework */; };
		759AF0131AA886280039D425 /* SystemConfiguration.framework in Frameworks */ = {isa = PBXBuildFile; fileRef = 759AF0121AA886280039D425 /* SystemConfiguration.framework */; };
		759AF0171AA8863A0039D425 /* libsqlite3.dylib in Frameworks */ = {isa = PBXBuildFile; fileRef = 759AF0161AA8863A0039D425 /* libsqlite3.dylib */; };
		759AF0181AA886F60039D425 /* Bolts.framework in Frameworks */ = {isa = PBXBuildFile; fileRef = 759AEFFE1AA885B10039D425 /* Bolts.framework */; };
		759AF01E1AA887540039D425 /* libz.1.1.3.dylib in Frameworks */ = {isa = PBXBuildFile; fileRef = 759AF01D1AA887540039D425 /* libz.1.1.3.dylib */; };
		759AF01F1AA887690039D425 /* Accounts.framework in Frameworks */ = {isa = PBXBuildFile; fileRef = 759AF0191AA8871C0039D425 /* Accounts.framework */; };
		759AF0211AA887810039D425 /* Social.framework in Frameworks */ = {isa = PBXBuildFile; fileRef = 759AF0201AA887810039D425 /* Social.framework */; };
		75C08FE31AA884330091440A /* main.m in Sources */ = {isa = PBXBuildFile; fileRef = 75C08FE21AA884330091440A /* main.m */; };
		75C08FE61AA884330091440A /* AppDelegate.m in Sources */ = {isa = PBXBuildFile; fileRef = 75C08FE51AA884330091440A /* AppDelegate.m */; };
		75C08FE91AA884330091440A /* ViewController.m in Sources */ = {isa = PBXBuildFile; fileRef = 75C08FE81AA884330091440A /* ViewController.m */; };
		75C08FEC1AA884330091440A /* Main.storyboard in Resources */ = {isa = PBXBuildFile; fileRef = 75C08FEA1AA884330091440A /* Main.storyboard */; };
		75C08FEE1AA884330091440A /* Images.xcassets in Resources */ = {isa = PBXBuildFile; fileRef = 75C08FED1AA884330091440A /* Images.xcassets */; };
		75C08FF11AA884330091440A /* LaunchScreen.xib in Resources */ = {isa = PBXBuildFile; fileRef = 75C08FEF1AA884330091440A /* LaunchScreen.xib */; };
		75C08FFD1AA884330091440A /* spypalTests.m in Sources */ = {isa = PBXBuildFile; fileRef = 75C08FFC1AA884330091440A /* spypalTests.m */; };
		75C4BD2D1AB0B7660000CFF1 /* TwitterKit.framework in Frameworks */ = {isa = PBXBuildFile; fileRef = 75C4BD2A1AB0B7660000CFF1 /* TwitterKit.framework */; };
		75C4BD2E1AB0B7660000CFF1 /* TwitterKitResources.bundle in Resources */ = {isa = PBXBuildFile; fileRef = 75C4BD2B1AB0B7660000CFF1 /* TwitterKitResources.bundle */; };
		75C4BD2F1AB0B7660000CFF1 /* Fabric.framework in Frameworks */ = {isa = PBXBuildFile; fileRef = 75C4BD2C1AB0B7660000CFF1 /* Fabric.framework */; };
		75C4BD331AB0B8AC0000CFF1 /* LoginViewController.m in Sources */ = {isa = PBXBuildFile; fileRef = 75C4BD311AB0B8AC0000CFF1 /* LoginViewController.m */; };
		75C4BD341AB0B8AC0000CFF1 /* LoginViewController.xib in Resources */ = {isa = PBXBuildFile; fileRef = 75C4BD321AB0B8AC0000CFF1 /* LoginViewController.xib */; };
		90D491EC739D30E75825F9D1 /* libPods-spypal.a in Frameworks */ = {isa = PBXBuildFile; fileRef = 265C474F1172EAFE4E81D3EB /* libPods-spypal.a */; };
/* End PBXBuildFile section */

/* Begin PBXContainerItemProxy section */
		75C08FF71AA884330091440A /* PBXContainerItemProxy */ = {
			isa = PBXContainerItemProxy;
			containerPortal = 75C08FD51AA884330091440A /* Project object */;
			proxyType = 1;
			remoteGlobalIDString = 75C08FDC1AA884330091440A;
			remoteInfo = spypal;
		};
/* End PBXContainerItemProxy section */

/* Begin PBXFileReference section */
		265C474F1172EAFE4E81D3EB /* libPods-spypal.a */ = {isa = PBXFileReference; explicitFileType = archive.ar; includeInIndex = 0; path = "libPods-spypal.a"; sourceTree = BUILT_PRODUCTS_DIR; };
		759AEFFE1AA885B10039D425 /* Bolts.framework */ = {isa = PBXFileReference; lastKnownFileType = wrapper.framework; path = Bolts.framework; sourceTree = "<group>"; };
		759AEFFF1AA885B10039D425 /* Parse.framework */ = {isa = PBXFileReference; lastKnownFileType = wrapper.framework; path = Parse.framework; sourceTree = "<group>"; };
		759AF0021AA885E70039D425 /* AudioToolbox.framework */ = {isa = PBXFileReference; lastKnownFileType = wrapper.framework; name = AudioToolbox.framework; path = System/Library/Frameworks/AudioToolbox.framework; sourceTree = SDKROOT; };
		759AF0041AA885EE0039D425 /* CFNetwork.framework */ = {isa = PBXFileReference; lastKnownFileType = wrapper.framework; name = CFNetwork.framework; path = System/Library/Frameworks/CFNetwork.framework; sourceTree = SDKROOT; };
		759AF0061AA885F90039D425 /* CoreGraphics.framework */ = {isa = PBXFileReference; lastKnownFileType = wrapper.framework; name = CoreGraphics.framework; path = System/Library/Frameworks/CoreGraphics.framework; sourceTree = SDKROOT; };
		759AF0081AA886020039D425 /* CoreLocation.framework */ = {isa = PBXFileReference; lastKnownFileType = wrapper.framework; name = CoreLocation.framework; path = System/Library/Frameworks/CoreLocation.framework; sourceTree = SDKROOT; };
		759AF00A1AA886080039D425 /* MobileCoreServices.framework */ = {isa = PBXFileReference; lastKnownFileType = wrapper.framework; name = MobileCoreServices.framework; path = System/Library/Frameworks/MobileCoreServices.framework; sourceTree = SDKROOT; };
		759AF00C1AA886100039D425 /* QuartzCore.framework */ = {isa = PBXFileReference; lastKnownFileType = wrapper.framework; name = QuartzCore.framework; path = System/Library/Frameworks/QuartzCore.framework; sourceTree = SDKROOT; };
		759AF00E1AA886170039D425 /* Security.framework */ = {isa = PBXFileReference; lastKnownFileType = wrapper.framework; name = Security.framework; path = System/Library/Frameworks/Security.framework; sourceTree = SDKROOT; };
		759AF0101AA8861F0039D425 /* StoreKit.framework */ = {isa = PBXFileReference; lastKnownFileType = wrapper.framework; name = StoreKit.framework; path = System/Library/Frameworks/StoreKit.framework; sourceTree = SDKROOT; };
		759AF0121AA886280039D425 /* SystemConfiguration.framework */ = {isa = PBXFileReference; lastKnownFileType = wrapper.framework; name = SystemConfiguration.framework; path = System/Library/Frameworks/SystemConfiguration.framework; sourceTree = SDKROOT; };
		759AF0141AA886310039D425 /* libz.dylib */ = {isa = PBXFileReference; lastKnownFileType = "compiled.mach-o.dylib"; name = libz.dylib; path = usr/lib/libz.dylib; sourceTree = SDKROOT; };
		759AF0161AA8863A0039D425 /* libsqlite3.dylib */ = {isa = PBXFileReference; lastKnownFileType = "compiled.mach-o.dylib"; name = libsqlite3.dylib; path = usr/lib/libsqlite3.dylib; sourceTree = SDKROOT; };
		759AF0191AA8871C0039D425 /* Accounts.framework */ = {isa = PBXFileReference; lastKnownFileType = wrapper.framework; name = Accounts.framework; path = System/Library/Frameworks/Accounts.framework; sourceTree = SDKROOT; };
		759AF01B1AA8872C0039D425 /* AdSupport.framework */ = {isa = PBXFileReference; lastKnownFileType = wrapper.framework; name = AdSupport.framework; path = System/Library/Frameworks/AdSupport.framework; sourceTree = SDKROOT; };
		759AF01D1AA887540039D425 /* libz.1.1.3.dylib */ = {isa = PBXFileReference; lastKnownFileType = "compiled.mach-o.dylib"; name = libz.1.1.3.dylib; path = usr/lib/libz.1.1.3.dylib; sourceTree = SDKROOT; };
		759AF0201AA887810039D425 /* Social.framework */ = {isa = PBXFileReference; lastKnownFileType = wrapper.framework; name = Social.framework; path = System/Library/Frameworks/Social.framework; sourceTree = SDKROOT; };
		75C08FDD1AA884330091440A /* spypal.app */ = {isa = PBXFileReference; explicitFileType = wrapper.application; includeInIndex = 0; path = spypal.app; sourceTree = BUILT_PRODUCTS_DIR; };
		75C08FE11AA884330091440A /* Info.plist */ = {isa = PBXFileReference; lastKnownFileType = text.plist.xml; path = Info.plist; sourceTree = "<group>"; };
		75C08FE21AA884330091440A /* main.m */ = {isa = PBXFileReference; lastKnownFileType = sourcecode.c.objc; path = main.m; sourceTree = "<group>"; };
		75C08FE41AA884330091440A /* AppDelegate.h */ = {isa = PBXFileReference; lastKnownFileType = sourcecode.c.h; path = AppDelegate.h; sourceTree = "<group>"; };
		75C08FE51AA884330091440A /* AppDelegate.m */ = {isa = PBXFileReference; lastKnownFileType = sourcecode.c.objc; path = AppDelegate.m; sourceTree = "<group>"; };
		75C08FE71AA884330091440A /* ViewController.h */ = {isa = PBXFileReference; lastKnownFileType = sourcecode.c.h; path = ViewController.h; sourceTree = "<group>"; };
		75C08FE81AA884330091440A /* ViewController.m */ = {isa = PBXFileReference; lastKnownFileType = sourcecode.c.objc; path = ViewController.m; sourceTree = "<group>"; };
		75C08FEB1AA884330091440A /* Base */ = {isa = PBXFileReference; lastKnownFileType = file.storyboard; name = Base; path = Base.lproj/Main.storyboard; sourceTree = "<group>"; };
		75C08FED1AA884330091440A /* Images.xcassets */ = {isa = PBXFileReference; lastKnownFileType = folder.assetcatalog; path = Images.xcassets; sourceTree = "<group>"; };
		75C08FF01AA884330091440A /* Base */ = {isa = PBXFileReference; lastKnownFileType = file.xib; name = Base; path = Base.lproj/LaunchScreen.xib; sourceTree = "<group>"; };
		75C08FF61AA884330091440A /* spypalTests.xctest */ = {isa = PBXFileReference; explicitFileType = wrapper.cfbundle; includeInIndex = 0; path = spypalTests.xctest; sourceTree = BUILT_PRODUCTS_DIR; };
		75C08FFB1AA884330091440A /* Info.plist */ = {isa = PBXFileReference; lastKnownFileType = text.plist.xml; path = Info.plist; sourceTree = "<group>"; };
		75C08FFC1AA884330091440A /* spypalTests.m */ = {isa = PBXFileReference; lastKnownFileType = sourcecode.c.objc; path = spypalTests.m; sourceTree = "<group>"; };
		75C4BD2A1AB0B7660000CFF1 /* TwitterKit.framework */ = {isa = PBXFileReference; lastKnownFileType = wrapper.framework; path = TwitterKit.framework; sourceTree = "<group>"; };
		75C4BD2B1AB0B7660000CFF1 /* TwitterKitResources.bundle */ = {isa = PBXFileReference; lastKnownFileType = "wrapper.plug-in"; name = TwitterKitResources.bundle; path = TwitterKit.framework/Versions/A/Resources/TwitterKitResources.bundle; sourceTree = "<group>"; };
		75C4BD2C1AB0B7660000CFF1 /* Fabric.framework */ = {isa = PBXFileReference; lastKnownFileType = wrapper.framework; path = Fabric.framework; sourceTree = "<group>"; };
		75C4BD301AB0B8AC0000CFF1 /* LoginViewController.h */ = {isa = PBXFileReference; fileEncoding = 4; lastKnownFileType = sourcecode.c.h; path = LoginViewController.h; sourceTree = "<group>"; };
		75C4BD311AB0B8AC0000CFF1 /* LoginViewController.m */ = {isa = PBXFileReference; fileEncoding = 4; lastKnownFileType = sourcecode.c.objc; path = LoginViewController.m; sourceTree = "<group>"; };
		75C4BD321AB0B8AC0000CFF1 /* LoginViewController.xib */ = {isa = PBXFileReference; fileEncoding = 4; lastKnownFileType = file.xib; path = LoginViewController.xib; sourceTree = "<group>"; };
		E3F845E71538B62F24C2E5DA /* Pods-spypal.release.xcconfig */ = {isa = PBXFileReference; includeInIndex = 1; lastKnownFileType = text.xcconfig; name = "Pods-spypal.release.xcconfig"; path = "Pods/Target Support Files/Pods-spypal/Pods-spypal.release.xcconfig"; sourceTree = "<group>"; };
		F9BABC2047FCB5B7A9F22DDB /* Pods-spypal.debug.xcconfig */ = {isa = PBXFileReference; includeInIndex = 1; lastKnownFileType = text.xcconfig; name = "Pods-spypal.debug.xcconfig"; path = "Pods/Target Support Files/Pods-spypal/Pods-spypal.debug.xcconfig"; sourceTree = "<group>"; };
/* End PBXFileReference section */

/* Begin PBXFrameworksBuildPhase section */
		75C08FDA1AA884330091440A /* Frameworks */ = {
			isa = PBXFrameworksBuildPhase;
			buildActionMask = 2147483647;
			files = (
				759AF0211AA887810039D425 /* Social.framework in Frameworks */,
				759AF01F1AA887690039D425 /* Accounts.framework in Frameworks */,
				759AF01E1AA887540039D425 /* libz.1.1.3.dylib in Frameworks */,
				759AF0171AA8863A0039D425 /* libsqlite3.dylib in Frameworks */,
				759AF0131AA886280039D425 /* SystemConfiguration.framework in Frameworks */,
				75C4BD2F1AB0B7660000CFF1 /* Fabric.framework in Frameworks */,
				759AF0111AA8861F0039D425 /* StoreKit.framework in Frameworks */,
				759AF00F1AA886170039D425 /* Security.framework in Frameworks */,
				759AF00D1AA886100039D425 /* QuartzCore.framework in Frameworks */,
				759AF00B1AA886080039D425 /* MobileCoreServices.framework in Frameworks */,
				759AF0091AA886020039D425 /* CoreLocation.framework in Frameworks */,
				759AF0071AA885F90039D425 /* CoreGraphics.framework in Frameworks */,
				759AF0051AA885EE0039D425 /* CFNetwork.framework in Frameworks */,
				759AF0031AA885E70039D425 /* AudioToolbox.framework in Frameworks */,
				75C4BD2D1AB0B7660000CFF1 /* TwitterKit.framework in Frameworks */,
				90D491EC739D30E75825F9D1 /* libPods-spypal.a in Frameworks */,
				759AF0011AA885B10039D425 /* Parse.framework in Frameworks */,
				759AF0181AA886F60039D425 /* Bolts.framework in Frameworks */,
			);
			runOnlyForDeploymentPostprocessing = 0;
		};
		75C08FF31AA884330091440A /* Frameworks */ = {
			isa = PBXFrameworksBuildPhase;
			buildActionMask = 2147483647;
			files = (
			);
			runOnlyForDeploymentPostprocessing = 0;
		};
/* End PBXFrameworksBuildPhase section */

/* Begin PBXGroup section */
		75C08FD41AA884330091440A = {
			isa = PBXGroup;
			children = (
				75C4BD2A1AB0B7660000CFF1 /* TwitterKit.framework */,
				75C4BD2B1AB0B7660000CFF1 /* TwitterKitResources.bundle */,
				75C4BD2C1AB0B7660000CFF1 /* Fabric.framework */,
				75C08FDF1AA884330091440A /* spypal */,
				75C08FF91AA884330091440A /* spypalTests */,
				75C08FDE1AA884330091440A /* Products */,
				EBC1EC76F567A6BE9AADA09E /* Pods */,
				A6AB8BE07E0276B2519DF160 /* Frameworks */,
			);
			sourceTree = "<group>";
		};
		75C08FDE1AA884330091440A /* Products */ = {
			isa = PBXGroup;
			children = (
				75C08FDD1AA884330091440A /* spypal.app */,
				75C08FF61AA884330091440A /* spypalTests.xctest */,
			);
			name = Products;
			sourceTree = "<group>";
		};
		75C08FDF1AA884330091440A /* spypal */ = {
			isa = PBXGroup;
			children = (
				75C08FE41AA884330091440A /* AppDelegate.h */,
				75C08FE51AA884330091440A /* AppDelegate.m */,
				75C08FE71AA884330091440A /* ViewController.h */,
				75C08FE81AA884330091440A /* ViewController.m */,
				75C4BD301AB0B8AC0000CFF1 /* LoginViewController.h */,
				75C4BD311AB0B8AC0000CFF1 /* LoginViewController.m */,
				75C4BD321AB0B8AC0000CFF1 /* LoginViewController.xib */,
				75C08FEA1AA884330091440A /* Main.storyboard */,
				75C08FED1AA884330091440A /* Images.xcassets */,
				75C08FEF1AA884330091440A /* LaunchScreen.xib */,
				75C08FE01AA884330091440A /* Supporting Files */,
			);
			path = spypal;
			sourceTree = "<group>";
		};
		75C08FE01AA884330091440A /* Supporting Files */ = {
			isa = PBXGroup;
			children = (
				75C08FE11AA884330091440A /* Info.plist */,
				75C08FE21AA884330091440A /* main.m */,
			);
			name = "Supporting Files";
			sourceTree = "<group>";
		};
		75C08FF91AA884330091440A /* spypalTests */ = {
			isa = PBXGroup;
			children = (
				75C08FFC1AA884330091440A /* spypalTests.m */,
				75C08FFA1AA884330091440A /* Supporting Files */,
			);
			path = spypalTests;
			sourceTree = "<group>";
		};
		75C08FFA1AA884330091440A /* Supporting Files */ = {
			isa = PBXGroup;
			children = (
				75C08FFB1AA884330091440A /* Info.plist */,
			);
			name = "Supporting Files";
			sourceTree = "<group>";
		};
		A6AB8BE07E0276B2519DF160 /* Frameworks */ = {
			isa = PBXGroup;
			children = (
				759AF0201AA887810039D425 /* Social.framework */,
				759AF01D1AA887540039D425 /* libz.1.1.3.dylib */,
				759AF01B1AA8872C0039D425 /* AdSupport.framework */,
				759AF0191AA8871C0039D425 /* Accounts.framework */,
				759AF0161AA8863A0039D425 /* libsqlite3.dylib */,
				759AF0141AA886310039D425 /* libz.dylib */,
				759AF0121AA886280039D425 /* SystemConfiguration.framework */,
				759AF0101AA8861F0039D425 /* StoreKit.framework */,
				759AF00E1AA886170039D425 /* Security.framework */,
				759AF00C1AA886100039D425 /* QuartzCore.framework */,
				759AF00A1AA886080039D425 /* MobileCoreServices.framework */,
				759AF0081AA886020039D425 /* CoreLocation.framework */,
				759AF0061AA885F90039D425 /* CoreGraphics.framework */,
				759AF0041AA885EE0039D425 /* CFNetwork.framework */,
				759AF0021AA885E70039D425 /* AudioToolbox.framework */,
				759AEFFE1AA885B10039D425 /* Bolts.framework */,
				759AEFFF1AA885B10039D425 /* Parse.framework */,
				265C474F1172EAFE4E81D3EB /* libPods-spypal.a */,
			);
			name = Frameworks;
			sourceTree = "<group>";
		};
		EBC1EC76F567A6BE9AADA09E /* Pods */ = {
			isa = PBXGroup;
			children = (
				F9BABC2047FCB5B7A9F22DDB /* Pods-spypal.debug.xcconfig */,
				E3F845E71538B62F24C2E5DA /* Pods-spypal.release.xcconfig */,
			);
			name = Pods;
			sourceTree = "<group>";
		};
/* End PBXGroup section */

/* Begin PBXNativeTarget section */
		75C08FDC1AA884330091440A /* spypal */ = {
			isa = PBXNativeTarget;
			buildConfigurationList = 75C090001AA884330091440A /* Build configuration list for PBXNativeTarget "spypal" */;
			buildPhases = (
				ED4CE2C8D131389549A811E0 /* Check Pods Manifest.lock */,
				75C08FD91AA884330091440A /* Sources */,
				75C08FDA1AA884330091440A /* Frameworks */,
				75C08FDB1AA884330091440A /* Resources */,
				52BF65DE404B2915C6BC7C16 /* Copy Pods Resources */,
				758914051AB0B6D300617A47 /* ShellScript */,
			);
			buildRules = (
			);
			dependencies = (
			);
			name = spypal;
			productName = spypal;
			productReference = 75C08FDD1AA884330091440A /* spypal.app */;
			productType = "com.apple.product-type.application";
		};
		75C08FF51AA884330091440A /* spypalTests */ = {
			isa = PBXNativeTarget;
			buildConfigurationList = 75C090031AA884330091440A /* Build configuration list for PBXNativeTarget "spypalTests" */;
			buildPhases = (
				75C08FF21AA884330091440A /* Sources */,
				75C08FF31AA884330091440A /* Frameworks */,
				75C08FF41AA884330091440A /* Resources */,
			);
			buildRules = (
			);
			dependencies = (
				75C08FF81AA884330091440A /* PBXTargetDependency */,
			);
			name = spypalTests;
			productName = spypalTests;
			productReference = 75C08FF61AA884330091440A /* spypalTests.xctest */;
			productType = "com.apple.product-type.bundle.unit-test";
		};
/* End PBXNativeTarget section */

/* Begin PBXProject section */
		75C08FD51AA884330091440A /* Project object */ = {
			isa = PBXProject;
			attributes = {
				LastUpgradeCheck = 0610;
				ORGANIZATIONNAME = "Andrei Constantinescu";
				TargetAttributes = {
					75C08FDC1AA884330091440A = {
						CreatedOnToolsVersion = 6.1.1;
						DevelopmentTeam = 8BUP8X95AY;
					};
					75C08FF51AA884330091440A = {
						CreatedOnToolsVersion = 6.1.1;
						DevelopmentTeam = 8BUP8X95AY;
						TestTargetID = 75C08FDC1AA884330091440A;
					};
				};
			};
			buildConfigurationList = 75C08FD81AA884330091440A /* Build configuration list for PBXProject "spypal" */;
			compatibilityVersion = "Xcode 3.2";
			developmentRegion = English;
			hasScannedForEncodings = 0;
			knownRegions = (
				en,
				Base,
			);
			mainGroup = 75C08FD41AA884330091440A;
			productRefGroup = 75C08FDE1AA884330091440A /* Products */;
			projectDirPath = "";
			projectRoot = "";
			targets = (
				75C08FDC1AA884330091440A /* spypal */,
				75C08FF51AA884330091440A /* spypalTests */,
			);
		};
/* End PBXProject section */

/* Begin PBXResourcesBuildPhase section */
		75C08FDB1AA884330091440A /* Resources */ = {
			isa = PBXResourcesBuildPhase;
			buildActionMask = 2147483647;
			files = (
				75C4BD341AB0B8AC0000CFF1 /* LoginViewController.xib in Resources */,
				75C4BD2E1AB0B7660000CFF1 /* TwitterKitResources.bundle in Resources */,
				75C08FEC1AA884330091440A /* Main.storyboard in Resources */,
				75C08FF11AA884330091440A /* LaunchScreen.xib in Resources */,
				75C08FEE1AA884330091440A /* Images.xcassets in Resources */,
			);
			runOnlyForDeploymentPostprocessing = 0;
		};
		75C08FF41AA884330091440A /* Resources */ = {
			isa = PBXResourcesBuildPhase;
			buildActionMask = 2147483647;
			files = (
			);
			runOnlyForDeploymentPostprocessing = 0;
		};
/* End PBXResourcesBuildPhase section */

/* Begin PBXShellScriptBuildPhase section */
		52BF65DE404B2915C6BC7C16 /* Copy Pods Resources */ = {
			isa = PBXShellScriptBuildPhase;
			buildActionMask = 2147483647;
			files = (
			);
			inputPaths = (
			);
			name = "Copy Pods Resources";
			outputPaths = (
			);
			runOnlyForDeploymentPostprocessing = 0;
			shellPath = /bin/sh;
			shellScript = "\"${SRCROOT}/Pods/Target Support Files/Pods-spypal/Pods-spypal-resources.sh\"\n";
			showEnvVarsInLog = 0;
		};
		758914051AB0B6D300617A47 /* ShellScript */ = {
			isa = PBXShellScriptBuildPhase;
			buildActionMask = 2147483647;
			files = (
			);
			inputPaths = (
			);
			outputPaths = (
			);
			runOnlyForDeploymentPostprocessing = 0;
			shellPath = /bin/sh;
			shellScript = "./Fabric.framework/run c371adeca0f0265c75c3a1798de305eaa81e06a1 8e0f3b9d9e3d306e2517210be3355335bc89fd0b2b464d38a4ffaed129161a0d";
		};
		ED4CE2C8D131389549A811E0 /* Check Pods Manifest.lock */ = {
			isa = PBXShellScriptBuildPhase;
			buildActionMask = 2147483647;
			files = (
			);
			inputPaths = (
			);
			name = "Check Pods Manifest.lock";
			outputPaths = (
			);
			runOnlyForDeploymentPostprocessing = 0;
			shellPath = /bin/sh;
			shellScript = "diff \"${PODS_ROOT}/../Podfile.lock\" \"${PODS_ROOT}/Manifest.lock\" > /dev/null\nif [[ $? != 0 ]] ; then\n    cat << EOM\nerror: The sandbox is not in sync with the Podfile.lock. Run 'pod install' or update your CocoaPods installation.\nEOM\n    exit 1\nfi\n";
			showEnvVarsInLog = 0;
		};
/* End PBXShellScriptBuildPhase section */

/* Begin PBXSourcesBuildPhase section */
		75C08FD91AA884330091440A /* Sources */ = {
			isa = PBXSourcesBuildPhase;
			buildActionMask = 2147483647;
			files = (
				75C4BD331AB0B8AC0000CFF1 /* LoginViewController.m in Sources */,
				75C08FE91AA884330091440A /* ViewController.m in Sources */,
				75C08FE61AA884330091440A /* AppDelegate.m in Sources */,
				75C08FE31AA884330091440A /* main.m in Sources */,
			);
			runOnlyForDeploymentPostprocessing = 0;
		};
		75C08FF21AA884330091440A /* Sources */ = {
			isa = PBXSourcesBuildPhase;
			buildActionMask = 2147483647;
			files = (
				75C08FFD1AA884330091440A /* spypalTests.m in Sources */,
			);
			runOnlyForDeploymentPostprocessing = 0;
		};
/* End PBXSourcesBuildPhase section */

/* Begin PBXTargetDependency section */
		75C08FF81AA884330091440A /* PBXTargetDependency */ = {
			isa = PBXTargetDependency;
			target = 75C08FDC1AA884330091440A /* spypal */;
			targetProxy = 75C08FF71AA884330091440A /* PBXContainerItemProxy */;
		};
/* End PBXTargetDependency section */

/* Begin PBXVariantGroup section */
		75C08FEA1AA884330091440A /* Main.storyboard */ = {
			isa = PBXVariantGroup;
			children = (
				75C08FEB1AA884330091440A /* Base */,
			);
			name = Main.storyboard;
			sourceTree = "<group>";
		};
		75C08FEF1AA884330091440A /* LaunchScreen.xib */ = {
			isa = PBXVariantGroup;
			children = (
				75C08FF01AA884330091440A /* Base */,
			);
			name = LaunchScreen.xib;
			sourceTree = "<group>";
		};
/* End PBXVariantGroup section */

/* Begin XCBuildConfiguration section */
		75C08FFE1AA884330091440A /* Debug */ = {
			isa = XCBuildConfiguration;
			buildSettings = {
				ALWAYS_SEARCH_USER_PATHS = NO;
				CLANG_CXX_LANGUAGE_STANDARD = "gnu++0x";
				CLANG_CXX_LIBRARY = "libc++";
				CLANG_ENABLE_MODULES = YES;
				CLANG_ENABLE_OBJC_ARC = YES;
				CLANG_WARN_BOOL_CONVERSION = YES;
				CLANG_WARN_CONSTANT_CONVERSION = YES;
				CLANG_WARN_DIRECT_OBJC_ISA_USAGE = YES_ERROR;
				CLANG_WARN_EMPTY_BODY = YES;
				CLANG_WARN_ENUM_CONVERSION = YES;
				CLANG_WARN_INT_CONVERSION = YES;
				CLANG_WARN_OBJC_ROOT_CLASS = YES_ERROR;
				CLANG_WARN_UNREACHABLE_CODE = YES;
				CLANG_WARN__DUPLICATE_METHOD_MATCH = YES;
				"CODE_SIGN_IDENTITY[sdk=iphoneos*]" = "iPhone Developer";
				COPY_PHASE_STRIP = NO;
				ENABLE_STRICT_OBJC_MSGSEND = YES;
				GCC_C_LANGUAGE_STANDARD = gnu99;
				GCC_DYNAMIC_NO_PIC = NO;
				GCC_OPTIMIZATION_LEVEL = 0;
				GCC_PREPROCESSOR_DEFINITIONS = (
					"DEBUG=1",
					"$(inherited)",
				);
				GCC_SYMBOLS_PRIVATE_EXTERN = NO;
				GCC_WARN_64_TO_32_BIT_CONVERSION = YES;
				GCC_WARN_ABOUT_RETURN_TYPE = YES_ERROR;
				GCC_WARN_UNDECLARED_SELECTOR = YES;
				GCC_WARN_UNINITIALIZED_AUTOS = YES_AGGRESSIVE;
				GCC_WARN_UNUSED_FUNCTION = YES;
				GCC_WARN_UNUSED_VARIABLE = YES;
				IPHONEOS_DEPLOYMENT_TARGET = 8.1;
				MTL_ENABLE_DEBUG_INFO = YES;
				ONLY_ACTIVE_ARCH = YES;
				SDKROOT = iphoneos;
			};
			name = Debug;
		};
		75C08FFF1AA884330091440A /* Release */ = {
			isa = XCBuildConfiguration;
			buildSettings = {
				ALWAYS_SEARCH_USER_PATHS = NO;
				CLANG_CXX_LANGUAGE_STANDARD = "gnu++0x";
				CLANG_CXX_LIBRARY = "libc++";
				CLANG_ENABLE_MODULES = YES;
				CLANG_ENABLE_OBJC_ARC = YES;
				CLANG_WARN_BOOL_CONVERSION = YES;
				CLANG_WARN_CONSTANT_CONVERSION = YES;
				CLANG_WARN_DIRECT_OBJC_ISA_USAGE = YES_ERROR;
				CLANG_WARN_EMPTY_BODY = YES;
				CLANG_WARN_ENUM_CONVERSION = YES;
				CLANG_WARN_INT_CONVERSION = YES;
				CLANG_WARN_OBJC_ROOT_CLASS = YES_ERROR;
				CLANG_WARN_UNREACHABLE_CODE = YES;
				CLANG_WARN__DUPLICATE_METHOD_MATCH = YES;
				"CODE_SIGN_IDENTITY[sdk=iphoneos*]" = "iPhone Developer";
				COPY_PHASE_STRIP = YES;
				ENABLE_NS_ASSERTIONS = NO;
				ENABLE_STRICT_OBJC_MSGSEND = YES;
				GCC_C_LANGUAGE_STANDARD = gnu99;
				GCC_WARN_64_TO_32_BIT_CONVERSION = YES;
				GCC_WARN_ABOUT_RETURN_TYPE = YES_ERROR;
				GCC_WARN_UNDECLARED_SELECTOR = YES;
				GCC_WARN_UNINITIALIZED_AUTOS = YES_AGGRESSIVE;
				GCC_WARN_UNUSED_FUNCTION = YES;
				GCC_WARN_UNUSED_VARIABLE = YES;
				IPHONEOS_DEPLOYMENT_TARGET = 8.1;
				MTL_ENABLE_DEBUG_INFO = NO;
				SDKROOT = iphoneos;
				VALIDATE_PRODUCT = YES;
			};
			name = Release;
		};
		75C090011AA884330091440A /* Debug */ = {
			isa = XCBuildConfiguration;
			baseConfigurationReference = F9BABC2047FCB5B7A9F22DDB /* Pods-spypal.debug.xcconfig */;
			buildSettings = {
				ASSETCATALOG_COMPILER_APPICON_NAME = AppIcon;
				CODE_SIGN_IDENTITY = "iPhone Developer";
				"CODE_SIGN_IDENTITY[sdk=iphoneos*]" = "iPhone Developer";
				FRAMEWORK_SEARCH_PATHS = (
					"$(inherited)",
					"$(PROJECT_DIR)",
				);
				INFOPLIST_FILE = spypal/Info.plist;
				LD_RUNPATH_SEARCH_PATHS = "$(inherited) @executable_path/Frameworks";
				PRODUCT_NAME = "$(TARGET_NAME)";
				PROVISIONING_PROFILE = "";
			};
			name = Debug;
		};
		75C090021AA884330091440A /* Release */ = {
			isa = XCBuildConfiguration;
			baseConfigurationReference = E3F845E71538B62F24C2E5DA /* Pods-spypal.release.xcconfig */;
			buildSettings = {
				ASSETCATALOG_COMPILER_APPICON_NAME = AppIcon;
				CODE_SIGN_IDENTITY = "iPhone Developer";
				"CODE_SIGN_IDENTITY[sdk=iphoneos*]" = "iPhone Developer";
				FRAMEWORK_SEARCH_PATHS = (
					"$(inherited)",
					"$(PROJECT_DIR)",
				);
				INFOPLIST_FILE = spypal/Info.plist;
				LD_RUNPATH_SEARCH_PATHS = "$(inherited) @executable_path/Frameworks";
				PRODUCT_NAME = "$(TARGET_NAME)";
				PROVISIONING_PROFILE = "";
			};
			name = Release;
		};
		75C090041AA884330091440A /* Debug */ = {
			isa = XCBuildConfiguration;
			buildSettings = {
				BUNDLE_LOADER = "$(TEST_HOST)";
				CODE_SIGN_IDENTITY = "iPhone Developer";
				"CODE_SIGN_IDENTITY[sdk=iphoneos*]" = "iPhone Developer";
				FRAMEWORK_SEARCH_PATHS = (
					"$(SDKROOT)/Developer/Library/Frameworks",
					"$(inherited)",
				);
				GCC_PREPROCESSOR_DEFINITIONS = (
					"DEBUG=1",
					"$(inherited)",
				);
				INFOPLIST_FILE = spypalTests/Info.plist;
				LD_RUNPATH_SEARCH_PATHS = "$(inherited) @executable_path/Frameworks @loader_path/Frameworks";
				PRODUCT_NAME = "$(TARGET_NAME)";
				PROVISIONING_PROFILE = "";
				TEST_HOST = "$(BUILT_PRODUCTS_DIR)/spypal.app/spypal";
			};
			name = Debug;
		};
		75C090051AA884330091440A /* Release */ = {
			isa = XCBuildConfiguration;
			buildSettings = {
				BUNDLE_LOADER = "$(TEST_HOST)";
				CODE_SIGN_IDENTITY = "iPhone Developer";
				"CODE_SIGN_IDENTITY[sdk=iphoneos*]" = "iPhone Developer";
				FRAMEWORK_SEARCH_PATHS = (
					"$(SDKROOT)/Developer/Library/Frameworks",
					"$(inherited)",
				);
				INFOPLIST_FILE = spypalTests/Info.plist;
				LD_RUNPATH_SEARCH_PATHS = "$(inherited) @executable_path/Frameworks @loader_path/Frameworks";
				PRODUCT_NAME = "$(TARGET_NAME)";
				PROVISIONING_PROFILE = "";
				TEST_HOST = "$(BUILT_PRODUCTS_DIR)/spypal.app/spypal";
			};
			name = Release;
		};
/* End XCBuildConfiguration section */

/* Begin XCConfigurationList section */
		75C08FD81AA884330091440A /* Build configuration list for PBXProject "spypal" */ = {
			isa = XCConfigurationList;
			buildConfigurations = (
				75C08FFE1AA884330091440A /* Debug */,
				75C08FFF1AA884330091440A /* Release */,
			);
			defaultConfigurationIsVisible = 0;
			defaultConfigurationName = Release;
		};
		75C090001AA884330091440A /* Build configuration list for PBXNativeTarget "spypal" */ = {
			isa = XCConfigurationList;
			buildConfigurations = (
				75C090011AA884330091440A /* Debug */,
				75C090021AA884330091440A /* Release */,
			);
			defaultConfigurationIsVisible = 0;
			defaultConfigurationName = Release;
		};
		75C090031AA884330091440A /* Build configuration list for PBXNativeTarget "spypalTests" */ = {
			isa = XCConfigurationList;
			buildConfigurations = (
				75C090041AA884330091440A /* Debug */,
				75C090051AA884330091440A /* Release */,
			);
			defaultConfigurationIsVisible = 0;
			defaultConfigurationName = Release;
		};
/* End XCConfigurationList section */
	};
	rootObject = 75C08FD51AA884330091440A /* Project object */;
}
